
Microsoft Visual Studio Solution File, Format Version 12.00
# Visual Studio Version 17
VisualStudioVersion = 17.5.33424.131
MinimumVisualStudioVersion = 10.0.40219.1
Project("{FAE04EC0-301F-11D3-BF4B-00C04F79EFBC}") = "GunaPatcher", "GunaPatcher\GunaPatcher.csproj", "{74E9A4BB-C943-4B27-8CF4-0E7018521870}"
EndProject
Global
	GlobalSection(SolutionConfigurationPlatforms) = preSolution
		Debug|Any CPU = Debug|Any CPU
		Release|Any CPU = Release|Any CPU
	EndGlobalSection
	GlobalSection(ProjectConfigurationPlatforms) = postSolution
		{74E9A4BB-C943-4B27-8CF4-0E7018521870}.Debug|Any CPU.ActiveCfg = Debug|Any CPU
		{74E9A4BB-C943-4B27-8CF4-0E7018521870}.Debug|Any CPU.Build.0 = Debug|Any CPU
		{74E9A4BB-C943-4B27-8CF4-0E7018521870}.Release|Any CPU.ActiveCfg = Release|Any CPU
		{74E9A4BB-C943-4B27-8CF4-0E7018521870}.Release|Any CPU.Build.0 = Release|Any CPU
	EndGlobalSection
	GlobalSection(SolutionProperties) = preSolution
		HideSolutionNode = FALSE
	EndGlobalSection
	GlobalSection(ExtensibilityGlobals) = postSolution
		SolutionGuid = {ECC45C35-65B7-44FA-BE7A-3FF9DF9F4AB6}
	EndGlobalSection
EndGlobal
